
Microsoft Visual Studio Solution File, Format Version 12.00
# Visual Studio Version 16
VisualStudioVersion = 16.0.29806.167
MinimumVisualStudioVersion = 10.0.40219.1
Project("{FAE04EC0-301F-11D3-BF4B-00C04F79EFBC}") = "ConsoleApp523", "ConsoleApp523\ConsoleApp523.csproj", "{013D5088-6E05-4710-976C-5A4616D3F30C}"
EndProject
Project("{FAE04EC0-301F-11D3-BF4B-00C04F79EFBC}") = "UnitTestProject1", "UnitTestProject1\UnitTestProject1.csproj", "{4F73A8F5-88FD-451E-9CF2-D29D334C9212}"
EndProject
Global
	GlobalSection(SolutionConfigurationPlatforms) = preSolution
		Debug|Any CPU = Debug|Any CPU
		Release|Any CPU = Release|Any CPU
	EndGlobalSection
	GlobalSection(ProjectConfigurationPlatforms) = postSolution
		{013D5088-6E05-4710-976C-5A4616D3F30C}.Debug|Any CPU.ActiveCfg = Debug|Any CPU
		{013D5088-6E05-4710-976C-5A4616D3F30C}.Debug|Any CPU.Build.0 = Debug|Any CPU
		{013D5088-6E05-4710-976C-5A4616D3F30C}.Release|Any CPU.ActiveCfg = Release|Any CPU
		{013D5088-6E05-4710-976C-5A4616D3F30C}.Release|Any CPU.Build.0 = Release|Any CPU
		{4F73A8F5-88FD-451E-9CF2-D29D334C9212}.Debug|Any CPU.ActiveCfg = Debug|Any CPU
		{4F73A8F5-88FD-451E-9CF2-D29D334C9212}.Debug|Any CPU.Build.0 = Debug|Any CPU
		{4F73A8F5-88FD-451E-9CF2-D29D334C9212}.Release|Any CPU.ActiveCfg = Release|Any CPU
		{4F73A8F5-88FD-451E-9CF2-D29D334C9212}.Release|Any CPU.Build.0 = Release|Any CPU
	EndGlobalSection
	GlobalSection(SolutionProperties) = preSolution
		HideSolutionNode = FALSE
	EndGlobalSection
	GlobalSection(ExtensibilityGlobals) = postSolution
		SolutionGuid = {FEE68745-D960-47AD-B799-2FF2B44213BB}
	EndGlobalSection
EndGlobal
